
Microsoft Visual Studio Solution File, Format Version 12.00
# Visual Studio Version 16
VisualStudioVersion = 16.0.29324.140
MinimumVisualStudioVersion = 10.0.40219.1
Project("{9A19103F-16F7-4668-BE54-9A1E7A4F7556}") = "01.01", "01.01\01.01.csproj", "{6861F674-883D-4375-B1B9-A26305A985C7}"
EndProject
Project("{9A19103F-16F7-4668-BE54-9A1E7A4F7556}") = "01.02", "01.02\01.02.csproj", "{0B09C0A6-D957-43CC-9C2C-32E1D7D9047A}"
EndProject
Project("{9A19103F-16F7-4668-BE54-9A1E7A4F7556}") = "02.01", "02.01\02.01.csproj", "{5183E559-5BC7-46B3-BBEC-A1BAA298E694}"
EndProject
Project("{9A19103F-16F7-4668-BE54-9A1E7A4F7556}") = "02.02", "02.02\02.02.csproj", "{35050B37-4FBB-49E8-B4D4-BCF47C5F5947}"
EndProject
Project("{9A19103F-16F7-4668-BE54-9A1E7A4F7556}") = "03.01", "03.01\03.01.csproj", "{7D479E58-F799-4C35-AABC-6E79FDA1D986}"
EndProject
Project("{9A19103F-16F7-4668-BE54-9A1E7A4F7556}") = "03.02", "03.02\03.02.csproj", "{FB25A503-0705-4B8D-AA9F-1D2943C9FBC2}"
EndProject
Project("{9A19103F-16F7-4668-BE54-9A1E7A4F7556}") = "04.01", "04.01\04.01.csproj", "{F8EAB134-5B3C-4CCB-A839-13B39E8CC5EB}"
EndProject
Project("{9A19103F-16F7-4668-BE54-9A1E7A4F7556}") = "04.02", "04.02\04.02.csproj", "{C140100F-1E2F-49B8-B26F-7083E30A2DC4}"
EndProject
Project("{9A19103F-16F7-4668-BE54-9A1E7A4F7556}") = "05.01", "05.01\05.01.csproj", "{61C21191-3272-464F-9AD3-5DC2E60737EB}"
EndProject
Project("{9A19103F-16F7-4668-BE54-9A1E7A4F7556}") = "05.02", "05.02\05.02.csproj", "{8431E666-0252-4518-A7C5-F779582C967E}"
EndProject
Project("{9A19103F-16F7-4668-BE54-9A1E7A4F7556}") = "06.01", "06.01\06.01.csproj", "{F72A1409-CC62-4EF8-A3D6-26AF16B49E06}"
EndProject
Project("{9A19103F-16F7-4668-BE54-9A1E7A4F7556}") = "06.02", "06.02\06.02.csproj", "{770D58B5-E4A8-44B5-BF10-A35F9C90FD0A}"
EndProject
Project("{9A19103F-16F7-4668-BE54-9A1E7A4F7556}") = "07.01", "07.01\07.01.csproj", "{4E286B7F-503F-4947-AFEF-8C72C602EF44}"
EndProject
Project("{9A19103F-16F7-4668-BE54-9A1E7A4F7556}") = "08.01", "08.01\08.01.csproj", "{7A0C8866-FAB0-412B-8EE5-CF6362EFF894}"
EndProject
Project("{9A19103F-16F7-4668-BE54-9A1E7A4F7556}") = "08.02", "08.02\08.02.csproj", "{3C607A6A-D922-43A7-BC30-90B78D974ED4}"
EndProject
Project("{9A19103F-16F7-4668-BE54-9A1E7A4F7556}") = "10.01", "10.01\10.01.csproj", "{BC686057-3E4A-4D3F-9D83-CEDBC6547602}"
EndProject
Project("{9A19103F-16F7-4668-BE54-9A1E7A4F7556}") = "10.02", "10.02\10.02.csproj", "{AC21E6D0-48D0-49C3-9E93-404E31D4E15C}"
EndProject
Project("{9A19103F-16F7-4668-BE54-9A1E7A4F7556}") = "13.01", "13.01\13.01.csproj", "{D9F1A480-7C07-4A6E-B23C-39DE9FA8A4DC}"
EndProject
Project("{FAE04EC0-301F-11D3-BF4B-00C04F79EFBC}") = "14.01", "14.01\14.01.csproj", "{32DBB1FC-B94D-463E-97B6-C312C0E22C6F}"
EndProject
Global
	GlobalSection(SolutionConfigurationPlatforms) = preSolution
		Debug|Any CPU = Debug|Any CPU
		Release|Any CPU = Release|Any CPU
	EndGlobalSection
	GlobalSection(ProjectConfigurationPlatforms) = postSolution
		{6861F674-883D-4375-B1B9-A26305A985C7}.Debug|Any CPU.ActiveCfg = Debug|Any CPU
		{6861F674-883D-4375-B1B9-A26305A985C7}.Debug|Any CPU.Build.0 = Debug|Any CPU
		{6861F674-883D-4375-B1B9-A26305A985C7}.Release|Any CPU.ActiveCfg = Release|Any CPU
		{6861F674-883D-4375-B1B9-A26305A985C7}.Release|Any CPU.Build.0 = Release|Any CPU
		{0B09C0A6-D957-43CC-9C2C-32E1D7D9047A}.Debug|Any CPU.ActiveCfg = Debug|Any CPU
		{0B09C0A6-D957-43CC-9C2C-32E1D7D9047A}.Debug|Any CPU.Build.0 = Debug|Any CPU
		{0B09C0A6-D957-43CC-9C2C-32E1D7D9047A}.Release|Any CPU.ActiveCfg = Release|Any CPU
		{0B09C0A6-D957-43CC-9C2C-32E1D7D9047A}.Release|Any CPU.Build.0 = Release|Any CPU
		{5183E559-5BC7-46B3-BBEC-A1BAA298E694}.Debug|Any CPU.ActiveCfg = Debug|Any CPU
		{5183E559-5BC7-46B3-BBEC-A1BAA298E694}.Debug|Any CPU.Build.0 = Debug|Any CPU
		{5183E559-5BC7-46B3-BBEC-A1BAA298E694}.Release|Any CPU.ActiveCfg = Release|Any CPU
		{5183E559-5BC7-46B3-BBEC-A1BAA298E694}.Release|Any CPU.Build.0 = Release|Any CPU
		{35050B37-4FBB-49E8-B4D4-BCF47C5F5947}.Debug|Any CPU.ActiveCfg = Debug|Any CPU
		{35050B37-4FBB-49E8-B4D4-BCF47C5F5947}.Debug|Any CPU.Build.0 = Debug|Any CPU
		{35050B37-4FBB-49E8-B4D4-BCF47C5F5947}.Release|Any CPU.ActiveCfg = Release|Any CPU
		{35050B37-4FBB-49E8-B4D4-BCF47C5F5947}.Release|Any CPU.Build.0 = Release|Any CPU
		{7D479E58-F799-4C35-AABC-6E79FDA1D986}.Debug|Any CPU.ActiveCfg = Debug|Any CPU
		{7D479E58-F799-4C35-AABC-6E79FDA1D986}.Debug|Any CPU.Build.0 = Debug|Any CPU
		{7D479E58-F799-4C35-AABC-6E79FDA1D986}.Release|Any CPU.ActiveCfg = Release|Any CPU
		{7D479E58-F799-4C35-AABC-6E79FDA1D986}.Release|Any CPU.Build.0 = Release|Any CPU
		{FB25A503-0705-4B8D-AA9F-1D2943C9FBC2}.Debug|Any CPU.ActiveCfg = Debug|Any CPU
		{FB25A503-0705-4B8D-AA9F-1D2943C9FBC2}.Debug|Any CPU.Build.0 = Debug|Any CPU
		{FB25A503-0705-4B8D-AA9F-1D2943C9FBC2}.Release|Any CPU.ActiveCfg = Release|Any CPU
		{FB25A503-0705-4B8D-AA9F-1D2943C9FBC2}.Release|Any CPU.Build.0 = Release|Any CPU
		{F8EAB134-5B3C-4CCB-A839-13B39E8CC5EB}.Debug|Any CPU.ActiveCfg = Debug|Any CPU
		{F8EAB134-5B3C-4CCB-A839-13B39E8CC5EB}.Debug|Any CPU.Build.0 = Debug|Any CPU
		{F8EAB134-5B3C-4CCB-A839-13B39E8CC5EB}.Release|Any CPU.ActiveCfg = Release|Any CPU
		{F8EAB134-5B3C-4CCB-A839-13B39E8CC5EB}.Release|Any CPU.Build.0 = Release|Any CPU
		{C140100F-1E2F-49B8-B26F-7083E30A2DC4}.Debug|Any CPU.ActiveCfg = Debug|Any CPU
		{C140100F-1E2F-49B8-B26F-7083E30A2DC4}.Debug|Any CPU.Build.0 = Debug|Any CPU
		{C140100F-1E2F-49B8-B26F-7083E30A2DC4}.Release|Any CPU.ActiveCfg = Release|Any CPU
		{C140100F-1E2F-49B8-B26F-7083E30A2DC4}.Release|Any CPU.Build.0 = Release|Any CPU
		{61C21191-3272-464F-9AD3-5DC2E60737EB}.Debug|Any CPU.ActiveCfg = Debug|Any CPU
		{61C21191-3272-464F-9AD3-5DC2E60737EB}.Debug|Any CPU.Build.0 = Debug|Any CPU
		{61C21191-3272-464F-9AD3-5DC2E60737EB}.Release|Any CPU.ActiveCfg = Release|Any CPU
		{61C21191-3272-464F-9AD3-5DC2E60737EB}.Release|Any CPU.Build.0 = Release|Any CPU
		{8431E666-0252-4518-A7C5-F779582C967E}.Debug|Any CPU.ActiveCfg = Debug|Any CPU
		{8431E666-0252-4518-A7C5-F779582C967E}.Debug|Any CPU.Build.0 = Debug|Any CPU
		{8431E666-0252-4518-A7C5-F779582C967E}.Release|Any CPU.ActiveCfg = Release|Any CPU
		{8431E666-0252-4518-A7C5-F779582C967E}.Release|Any CPU.Build.0 = Release|Any CPU
		{F72A1409-CC62-4EF8-A3D6-26AF16B49E06}.Debug|Any CPU.ActiveCfg = Debug|Any CPU
		{F72A1409-CC62-4EF8-A3D6-26AF16B49E06}.Debug|Any CPU.Build.0 = Debug|Any CPU
		{F72A1409-CC62-4EF8-A3D6-26AF16B49E06}.Release|Any CPU.ActiveCfg = Release|Any CPU
		{F72A1409-CC62-4EF8-A3D6-26AF16B49E06}.Release|Any CPU.Build.0 = Release|Any CPU
		{770D58B5-E4A8-44B5-BF10-A35F9C90FD0A}.Debug|Any CPU.ActiveCfg = Debug|Any CPU
		{770D58B5-E4A8-44B5-BF10-A35F9C90FD0A}.Debug|Any CPU.Build.0 = Debug|Any CPU
		{770D58B5-E4A8-44B5-BF10-A35F9C90FD0A}.Release|Any CPU.ActiveCfg = Release|Any CPU
		{770D58B5-E4A8-44B5-BF10-A35F9C90FD0A}.Release|Any CPU.Build.0 = Release|Any CPU
		{4E286B7F-503F-4947-AFEF-8C72C602EF44}.Debug|Any CPU.ActiveCfg = Debug|Any CPU
		{4E286B7F-503F-4947-AFEF-8C72C602EF44}.Debug|Any CPU.Build.0 = Debug|Any CPU
		{4E286B7F-503F-4947-AFEF-8C72C602EF44}.Release|Any CPU.ActiveCfg = Release|Any CPU
		{4E286B7F-503F-4947-AFEF-8C72C602EF44}.Release|Any CPU.Build.0 = Release|Any CPU
		{7A0C8866-FAB0-412B-8EE5-CF6362EFF894}.Debug|Any CPU.ActiveCfg = Debug|Any CPU
		{7A0C8866-FAB0-412B-8EE5-CF6362EFF894}.Debug|Any CPU.Build.0 = Debug|Any CPU
		{7A0C8866-FAB0-412B-8EE5-CF6362EFF894}.Release|Any CPU.ActiveCfg = Release|Any CPU
		{7A0C8866-FAB0-412B-8EE5-CF6362EFF894}.Release|Any CPU.Build.0 = Release|Any CPU
		{3C607A6A-D922-43A7-BC30-90B78D974ED4}.Debug|Any CPU.ActiveCfg = Debug|Any CPU
		{3C607A6A-D922-43A7-BC30-90B78D974ED4}.Debug|Any CPU.Build.0 = Debug|Any CPU
		{3C607A6A-D922-43A7-BC30-90B78D974ED4}.Release|Any CPU.ActiveCfg = Release|Any CPU
		{3C607A6A-D922-43A7-BC30-90B78D974ED4}.Release|Any CPU.Build.0 = Release|Any CPU
		{BC686057-3E4A-4D3F-9D83-CEDBC6547602}.Debug|Any CPU.ActiveCfg = Debug|Any CPU
		{BC686057-3E4A-4D3F-9D83-CEDBC6547602}.Debug|Any CPU.Build.0 = Debug|Any CPU
		{BC686057-3E4A-4D3F-9D83-CEDBC6547602}.Release|Any CPU.ActiveCfg = Release|Any CPU
		{BC686057-3E4A-4D3F-9D83-CEDBC6547602}.Release|Any CPU.Build.0 = Release|Any CPU
		{AC21E6D0-48D0-49C3-9E93-404E31D4E15C}.Debug|Any CPU.ActiveCfg = Debug|Any CPU
		{AC21E6D0-48D0-49C3-9E93-404E31D4E15C}.Debug|Any CPU.Build.0 = Debug|Any CPU
		{AC21E6D0-48D0-49C3-9E93-404E31D4E15C}.Release|Any CPU.ActiveCfg = Release|Any CPU
		{AC21E6D0-48D0-49C3-9E93-404E31D4E15C}.Release|Any CPU.Build.0 = Release|Any CPU
		{D9F1A480-7C07-4A6E-B23C-39DE9FA8A4DC}.Debug|Any CPU.ActiveCfg = Debug|Any CPU
		{D9F1A480-7C07-4A6E-B23C-39DE9FA8A4DC}.Debug|Any CPU.Build.0 = Debug|Any CPU
		{D9F1A480-7C07-4A6E-B23C-39DE9FA8A4DC}.Release|Any CPU.ActiveCfg = Release|Any CPU
		{D9F1A480-7C07-4A6E-B23C-39DE9FA8A4DC}.Release|Any CPU.Build.0 = Release|Any CPU
		{32DBB1FC-B94D-463E-97B6-C312C0E22C6F}.Debug|Any CPU.ActiveCfg = Debug|Any CPU
		{32DBB1FC-B94D-463E-97B6-C312C0E22C6F}.Debug|Any CPU.Build.0 = Debug|Any CPU
		{32DBB1FC-B94D-463E-97B6-C312C0E22C6F}.Release|Any CPU.ActiveCfg = Release|Any CPU
		{32DBB1FC-B94D-463E-97B6-C312C0E22C6F}.Release|Any CPU.Build.0 = Release|Any CPU
	EndGlobalSection
	GlobalSection(SolutionProperties) = preSolution
		HideSolutionNode = FALSE
	EndGlobalSection
	GlobalSection(ExtensibilityGlobals) = postSolution
		SolutionGuid = {41FB6443-9F26-49C6-9678-31C9F59CFD49}
	EndGlobalSection
EndGlobal
